
Microsoft Visual Studio Solution File, Format Version 12.00
# Visual Studio 15
VisualStudioVersion = 15.0.27428.2037
MinimumVisualStudioVersion = 10.0.40219.1
Project("{FAE04EC0-301F-11D3-BF4B-00C04F79EFBC}") = "GazeEstimationClient", "GazeEstimationClient\GazeEstimationClient.csproj", "{34AD3627-39A1-43C1-81C7-3D539C56DD07}"
EndProject
Global
	GlobalSection(SolutionConfigurationPlatforms) = preSolution
		Debug|Any CPU = Debug|Any CPU
		Release|Any CPU = Release|Any CPU
	EndGlobalSection
	GlobalSection(ProjectConfigurationPlatforms) = postSolution
		{34AD3627-39A1-43C1-81C7-3D539C56DD07}.Debug|Any CPU.ActiveCfg = Debug|Any CPU
		{34AD3627-39A1-43C1-81C7-3D539C56DD07}.Debug|Any CPU.Build.0 = Debug|Any CPU
		{34AD3627-39A1-43C1-81C7-3D539C56DD07}.Release|Any CPU.ActiveCfg = Release|Any CPU
		{34AD3627-39A1-43C1-81C7-3D539C56DD07}.Release|Any CPU.Build.0 = Release|Any CPU
	EndGlobalSection
	GlobalSection(SolutionProperties) = preSolution
		HideSolutionNode = FALSE
	EndGlobalSection
	GlobalSection(ExtensibilityGlobals) = postSolution
		SolutionGuid = {11643E0B-D7EB-4F94-9E9B-7CBF7A2F9725}
	EndGlobalSection
EndGlobal
